
Microsoft Visual Studio Solution File, Format Version 11.00
# Visual Studio 2010
Project("{FAE04EC0-301F-11D3-BF4B-00C04F79EFBC}") = "MonoDevelop.Zeitgeist", "MonoDevelop.Zeitgeist\MonoDevelop.Zeitgeist.csproj", "{79523D35-269D-469F-9648-A2AC7262B42D}"
EndProject
Global
	GlobalSection(SolutionConfigurationPlatforms) = preSolution
		Debug|Any CPU = Debug|Any CPU
		Release|Any CPU = Release|Any CPU
	EndGlobalSection
	GlobalSection(ProjectConfigurationPlatforms) = postSolution
		{79523D35-269D-469F-9648-A2AC7262B42D}.Debug|Any CPU.ActiveCfg = Debug|Any CPU
		{79523D35-269D-469F-9648-A2AC7262B42D}.Debug|Any CPU.Build.0 = Debug|Any CPU
		{79523D35-269D-469F-9648-A2AC7262B42D}.Release|Any CPU.ActiveCfg = Release|Any CPU
		{79523D35-269D-469F-9648-A2AC7262B42D}.Release|Any CPU.Build.0 = Release|Any CPU
	EndGlobalSection
	GlobalSection(MonoDevelopProperties) = preSolution
		StartupItem = MonoDevelop.Zeitgeist\MonoDevelop.Zeitgeist.csproj
	EndGlobalSection
EndGlobal
